// !$*UTF8*$!
{
	archiveVersion = 1;
	classes = {
	};
	objectVersion = 77;
	objects = {

/* Begin PBXBuildFile section */
		DC50737D2CDB697A00B012ED /* LaunchAtLogin in Frameworks */ = {isa = PBXBuildFile; productRef = DC50737C2CDB697A00B012ED /* LaunchAtLogin */; };
/* End PBXBuildFile section */

/* Begin PBXContainerItemProxy section */
		DC9195212CDA9D49001BD4BB /* PBXContainerItemProxy */ = {
			isa = PBXContainerItemProxy;
			containerPortal = DC9195072CDA9D48001BD4BB /* Project object */;
			proxyType = 1;
			remoteGlobalIDString = DC91950E2CDA9D48001BD4BB;
			remoteInfo = "Ethernet Menu Icon";
		};
		DC91952B2CDA9D49001BD4BB /* PBXContainerItemProxy */ = {
			isa = PBXContainerItemProxy;
			containerPortal = DC9195072CDA9D48001BD4BB /* Project object */;
			proxyType = 1;
			remoteGlobalIDString = DC91950E2CDA9D48001BD4BB;
			remoteInfo = "Ethernet Menu Icon";
		};
/* End PBXContainerItemProxy section */

/* Begin PBXFileReference section */
		DC91950F2CDA9D48001BD4BB /* Easy Ethernet Icon.app */ = {isa = PBXFileReference; explicitFileType = wrapper.application; includeInIndex = 0; path = "Easy Ethernet Icon.app"; sourceTree = BUILT_PRODUCTS_DIR; };
		DC9195202CDA9D49001BD4BB /* Ethernet Menu IconTests.xctest */ = {isa = PBXFileReference; explicitFileType = wrapper.cfbundle; includeInIndex = 0; path = "Ethernet Menu IconTests.xctest"; sourceTree = BUILT_PRODUCTS_DIR; };
		DC91952A2CDA9D49001BD4BB /* Ethernet Menu IconUITests.xctest */ = {isa = PBXFileReference; explicitFileType = wrapper.cfbundle; includeInIndex = 0; path = "Ethernet Menu IconUITests.xctest"; sourceTree = BUILT_PRODUCTS_DIR; };
/* End PBXFileReference section */

/* Begin PBXFileSystemSynchronizedRootGroup section */
		DC9195112CDA9D48001BD4BB /* Easy Ethernet Icon */ = {
			isa = PBXFileSystemSynchronizedRootGroup;
			path = "Easy Ethernet Icon";
			sourceTree = "<group>";
		};
/* End PBXFileSystemSynchronizedRootGroup section */

/* Begin PBXFrameworksBuildPhase section */
		DC91950C2CDA9D48001BD4BB /* Frameworks */ = {
			isa = PBXFrameworksBuildPhase;
			buildActionMask = 2147483647;
			files = (
				DC50737D2CDB697A00B012ED /* LaunchAtLogin in Frameworks */,
			);
			runOnlyForDeploymentPostprocessing = 0;
		};
		DC91951D2CDA9D49001BD4BB /* Frameworks */ = {
			isa = PBXFrameworksBuildPhase;
			buildActionMask = 2147483647;
			files = (
			);
			runOnlyForDeploymentPostprocessing = 0;
		};
		DC9195272CDA9D49001BD4BB /* Frameworks */ = {
			isa = PBXFrameworksBuildPhase;
			buildActionMask = 2147483647;
			files = (
			);
			runOnlyForDeploymentPostprocessing = 0;
		};
/* End PBXFrameworksBuildPhase section */

/* Begin PBXGroup section */
		DC9195062CDA9D48001BD4BB = {
			isa = PBXGroup;
			children = (
				DC9195112CDA9D48001BD4BB /* Easy Ethernet Icon */,
				DC9195102CDA9D48001BD4BB /* Products */,
			);
			sourceTree = "<group>";
		};
		DC9195102CDA9D48001BD4BB /* Products */ = {
			isa = PBXGroup;
			children = (
				DC91950F2CDA9D48001BD4BB /* Easy Ethernet Icon.app */,
				DC9195202CDA9D49001BD4BB /* Ethernet Menu IconTests.xctest */,
				DC91952A2CDA9D49001BD4BB /* Ethernet Menu IconUITests.xctest */,
			);
			name = Products;
			sourceTree = "<group>";
		};
/* End PBXGroup section */

/* Begin PBXNativeTarget section */
		DC91950E2CDA9D48001BD4BB /* Easy Ethernet Icon */ = {
			isa = PBXNativeTarget;
			buildConfigurationList = DC9195342CDA9D49001BD4BB /* Build configuration list for PBXNativeTarget "Easy Ethernet Icon" */;
			buildPhases = (
				DC91950B2CDA9D48001BD4BB /* Sources */,
				DC91950C2CDA9D48001BD4BB /* Frameworks */,
				DC91950D2CDA9D48001BD4BB /* Resources */,
			);
			buildRules = (
			);
			dependencies = (
			);
			fileSystemSynchronizedGroups = (
				DC9195112CDA9D48001BD4BB /* Easy Ethernet Icon */,
			);
			name = "Easy Ethernet Icon";
			packageProductDependencies = (
				DC50737C2CDB697A00B012ED /* LaunchAtLogin */,
			);
			productName = "Ethernet Menu Icon";
			productReference = DC91950F2CDA9D48001BD4BB /* Easy Ethernet Icon.app */;
			productType = "com.apple.product-type.application";
		};
		DC91951F2CDA9D49001BD4BB /* Ethernet Menu IconTests */ = {
			isa = PBXNativeTarget;
			buildConfigurationList = DC9195372CDA9D49001BD4BB /* Build configuration list for PBXNativeTarget "Ethernet Menu IconTests" */;
			buildPhases = (
				DC91951C2CDA9D49001BD4BB /* Sources */,
				DC91951D2CDA9D49001BD4BB /* Frameworks */,
				DC91951E2CDA9D49001BD4BB /* Resources */,
			);
			buildRules = (
			);
			dependencies = (
				DC9195222CDA9D49001BD4BB /* PBXTargetDependency */,
			);
			name = "Ethernet Menu IconTests";
			packageProductDependencies = (
			);
			productName = "Ethernet Menu IconTests";
			productReference = DC9195202CDA9D49001BD4BB /* Ethernet Menu IconTests.xctest */;
			productType = "com.apple.product-type.bundle.unit-test";
		};
		DC9195292CDA9D49001BD4BB /* Ethernet Menu IconUITests */ = {
			isa = PBXNativeTarget;
			buildConfigurationList = DC91953A2CDA9D49001BD4BB /* Build configuration list for PBXNativeTarget "Ethernet Menu IconUITests" */;
			buildPhases = (
				DC9195262CDA9D49001BD4BB /* Sources */,
				DC9195272CDA9D49001BD4BB /* Frameworks */,
				DC9195282CDA9D49001BD4BB /* Resources */,
			);
			buildRules = (
			);
			dependencies = (
				DC91952C2CDA9D49001BD4BB /* PBXTargetDependency */,
			);
			name = "Ethernet Menu IconUITests";
			packageProductDependencies = (
			);
			productName = "Ethernet Menu IconUITests";
			productReference = DC91952A2CDA9D49001BD4BB /* Ethernet Menu IconUITests.xctest */;
			productType = "com.apple.product-type.bundle.ui-testing";
		};
/* End PBXNativeTarget section */

/* Begin PBXProject section */
		DC9195072CDA9D48001BD4BB /* Project object */ = {
			isa = PBXProject;
			attributes = {
				BuildIndependentTargetsInParallel = 1;
				LastSwiftUpdateCheck = 1610;
				LastUpgradeCheck = 1610;
				TargetAttributes = {
					DC91950E2CDA9D48001BD4BB = {
						CreatedOnToolsVersion = 16.1;
					};
					DC91951F2CDA9D49001BD4BB = {
						CreatedOnToolsVersion = 16.1;
						TestTargetID = DC91950E2CDA9D48001BD4BB;
					};
					DC9195292CDA9D49001BD4BB = {
						CreatedOnToolsVersion = 16.1;
						TestTargetID = DC91950E2CDA9D48001BD4BB;
					};
				};
			};
			buildConfigurationList = DC91950A2CDA9D48001BD4BB /* Build configuration list for PBXProject "Easy Ethernet Icon" */;
			developmentRegion = en;
			hasScannedForEncodings = 0;
			knownRegions = (
				en,
				es,
			);
			mainGroup = DC9195062CDA9D48001BD4BB;
			minimizedProjectReferenceProxies = 1;
			packageReferences = (
				DC50737A2CDB681D00B012ED /* XCRemoteSwiftPackageReference "LaunchAtLogin-Modern" */,
			);
			preferredProjectObjectVersion = 77;
			productRefGroup = DC9195102CDA9D48001BD4BB /* Products */;
			projectDirPath = "";
			projectRoot = "";
			targets = (
				DC91950E2CDA9D48001BD4BB /* Easy Ethernet Icon */,
				DC91951F2CDA9D49001BD4BB /* Ethernet Menu IconTests */,
				DC9195292CDA9D49001BD4BB /* Ethernet Menu IconUITests */,
			);
		};
/* End PBXProject section */

/* Begin PBXResourcesBuildPhase section */
		DC91950D2CDA9D48001BD4BB /* Resources */ = {
			isa = PBXResourcesBuildPhase;
			buildActionMask = 2147483647;
			files = (
			);
			runOnlyForDeploymentPostprocessing = 0;
		};
		DC91951E2CDA9D49001BD4BB /* Resources */ = {
			isa = PBXResourcesBuildPhase;
			buildActionMask = 2147483647;
			files = (
			);
			runOnlyForDeploymentPostprocessing = 0;
		};
		DC9195282CDA9D49001BD4BB /* Resources */ = {
			isa = PBXResourcesBuildPhase;
			buildActionMask = 2147483647;
			files = (
			);
			runOnlyForDeploymentPostprocessing = 0;
		};
/* End PBXResourcesBuildPhase section */

/* Begin PBXSourcesBuildPhase section */
		DC91950B2CDA9D48001BD4BB /* Sources */ = {
			isa = PBXSourcesBuildPhase;
			buildActionMask = 2147483647;
			files = (
			);
			runOnlyForDeploymentPostprocessing = 0;
		};
		DC91951C2CDA9D49001BD4BB /* Sources */ = {
			isa = PBXSourcesBuildPhase;
			buildActionMask = 2147483647;
			files = (
			);
			runOnlyForDeploymentPostprocessing = 0;
		};
		DC9195262CDA9D49001BD4BB /* Sources */ = {
			isa = PBXSourcesBuildPhase;
			buildActionMask = 2147483647;
			files = (
			);
			runOnlyForDeploymentPostprocessing = 0;
		};
/* End PBXSourcesBuildPhase section */

/* Begin PBXTargetDependency section */
		DC9195222CDA9D49001BD4BB /* PBXTargetDependency */ = {
			isa = PBXTargetDependency;
			target = DC91950E2CDA9D48001BD4BB /* Easy Ethernet Icon */;
			targetProxy = DC9195212CDA9D49001BD4BB /* PBXContainerItemProxy */;
		};
		DC91952C2CDA9D49001BD4BB /* PBXTargetDependency */ = {
			isa = PBXTargetDependency;
			target = DC91950E2CDA9D48001BD4BB /* Easy Ethernet Icon */;
			targetProxy = DC91952B2CDA9D49001BD4BB /* PBXContainerItemProxy */;
		};
/* End PBXTargetDependency section */

/* Begin XCBuildConfiguration section */
		DC9195322CDA9D49001BD4BB /* Debug */ = {
			isa = XCBuildConfiguration;
			buildSettings = {
				ALWAYS_SEARCH_USER_PATHS = NO;
				ASSETCATALOG_COMPILER_GENERATE_SWIFT_ASSET_SYMBOL_EXTENSIONS = YES;
				CLANG_ANALYZER_NONNULL = YES;
				CLANG_ANALYZER_NUMBER_OBJECT_CONVERSION = YES_AGGRESSIVE;
				CLANG_CXX_LANGUAGE_STANDARD = "gnu++20";
				CLANG_ENABLE_MODULES = YES;
				CLANG_ENABLE_OBJC_ARC = YES;
				CLANG_ENABLE_OBJC_WEAK = YES;
				CLANG_WARN_BLOCK_CAPTURE_AUTORELEASING = YES;
				CLANG_WARN_BOOL_CONVERSION = YES;
				CLANG_WARN_COMMA = YES;
				CLANG_WARN_CONSTANT_CONVERSION = YES;
				CLANG_WARN_DEPRECATED_OBJC_IMPLEMENTATIONS = YES;
				CLANG_WARN_DIRECT_OBJC_ISA_USAGE = YES_ERROR;
				CLANG_WARN_DOCUMENTATION_COMMENTS = YES;
				CLANG_WARN_EMPTY_BODY = YES;
				CLANG_WARN_ENUM_CONVERSION = YES;
				CLANG_WARN_INFINITE_RECURSION = YES;
				CLANG_WARN_INT_CONVERSION = YES;
				CLANG_WARN_NON_LITERAL_NULL_CONVERSION = YES;
				CLANG_WARN_OBJC_IMPLICIT_RETAIN_SELF = YES;
				CLANG_WARN_OBJC_LITERAL_CONVERSION = YES;
				CLANG_WARN_OBJC_ROOT_CLASS = YES_ERROR;
				CLANG_WARN_QUOTED_INCLUDE_IN_FRAMEWORK_HEADER = YES;
				CLANG_WARN_RANGE_LOOP_ANALYSIS = YES;
				CLANG_WARN_STRICT_PROTOTYPES = YES;
				CLANG_WARN_SUSPICIOUS_MOVE = YES;
				CLANG_WARN_UNGUARDED_AVAILABILITY = YES_AGGRESSIVE;
				CLANG_WARN_UNREACHABLE_CODE = YES;
				CLANG_WARN__DUPLICATE_METHOD_MATCH = YES;
				COPY_PHASE_STRIP = NO;
				DEBUG_INFORMATION_FORMAT = dwarf;
				ENABLE_STRICT_OBJC_MSGSEND = YES;
				ENABLE_TESTABILITY = YES;
				ENABLE_USER_SCRIPT_SANDBOXING = YES;
				GCC_C_LANGUAGE_STANDARD = gnu17;
				GCC_DYNAMIC_NO_PIC = NO;
				GCC_NO_COMMON_BLOCKS = YES;
				GCC_OPTIMIZATION_LEVEL = 0;
				GCC_PREPROCESSOR_DEFINITIONS = (
					"DEBUG=1",
					"$(inherited)",
				);
				GCC_WARN_64_TO_32_BIT_CONVERSION = YES;
				GCC_WARN_ABOUT_RETURN_TYPE = YES_ERROR;
				GCC_WARN_UNDECLARED_SELECTOR = YES;
				GCC_WARN_UNINITIALIZED_AUTOS = YES_AGGRESSIVE;
				GCC_WARN_UNUSED_FUNCTION = YES;
				GCC_WARN_UNUSED_VARIABLE = YES;
				LOCALIZATION_PREFERS_STRING_CATALOGS = YES;
				MACOSX_DEPLOYMENT_TARGET = 15.1;
				MTL_ENABLE_DEBUG_INFO = INCLUDE_SOURCE;
				MTL_FAST_MATH = YES;
				ONLY_ACTIVE_ARCH = YES;
				SDKROOT = macosx;
				SWIFT_ACTIVE_COMPILATION_CONDITIONS = "DEBUG $(inherited)";
				SWIFT_OPTIMIZATION_LEVEL = "-Onone";
			};
			name = Debug;
		};
		DC9195332CDA9D49001BD4BB /* Release */ = {
			isa = XCBuildConfiguration;
			buildSettings = {
				ALWAYS_SEARCH_USER_PATHS = NO;
				ASSETCATALOG_COMPILER_GENERATE_SWIFT_ASSET_SYMBOL_EXTENSIONS = YES;
				CLANG_ANALYZER_NONNULL = YES;
				CLANG_ANALYZER_NUMBER_OBJECT_CONVERSION = YES_AGGRESSIVE;
				CLANG_CXX_LANGUAGE_STANDARD = "gnu++20";
				CLANG_ENABLE_MODULES = YES;
				CLANG_ENABLE_OBJC_ARC = YES;
				CLANG_ENABLE_OBJC_WEAK = YES;
				CLANG_WARN_BLOCK_CAPTURE_AUTORELEASING = YES;
				CLANG_WARN_BOOL_CONVERSION = YES;
				CLANG_WARN_COMMA = YES;
				CLANG_WARN_CONSTANT_CONVERSION = YES;
				CLANG_WARN_DEPRECATED_OBJC_IMPLEMENTATIONS = YES;
				CLANG_WARN_DIRECT_OBJC_ISA_USAGE = YES_ERROR;
				CLANG_WARN_DOCUMENTATION_COMMENTS = YES;
				CLANG_WARN_EMPTY_BODY = YES;
				CLANG_WARN_ENUM_CONVERSION = YES;
				CLANG_WARN_INFINITE_RECURSION = YES;
				CLANG_WARN_INT_CONVERSION = YES;
				CLANG_WARN_NON_LITERAL_NULL_CONVERSION = YES;
				CLANG_WARN_OBJC_IMPLICIT_RETAIN_SELF = YES;
				CLANG_WARN_OBJC_LITERAL_CONVERSION = YES;
				CLANG_WARN_OBJC_ROOT_CLASS = YES_ERROR;
				CLANG_WARN_QUOTED_INCLUDE_IN_FRAMEWORK_HEADER = YES;
				CLANG_WARN_RANGE_LOOP_ANALYSIS = YES;
				CLANG_WARN_STRICT_PROTOTYPES = YES;
				CLANG_WARN_SUSPICIOUS_MOVE = YES;
				CLANG_WARN_UNGUARDED_AVAILABILITY = YES_AGGRESSIVE;
				CLANG_WARN_UNREACHABLE_CODE = YES;
				CLANG_WARN__DUPLICATE_METHOD_MATCH = YES;
				COPY_PHASE_STRIP = NO;
				DEBUG_INFORMATION_FORMAT = "dwarf-with-dsym";
				ENABLE_NS_ASSERTIONS = NO;
				ENABLE_STRICT_OBJC_MSGSEND = YES;
				ENABLE_USER_SCRIPT_SANDBOXING = YES;
				GCC_C_LANGUAGE_STANDARD = gnu17;
				GCC_NO_COMMON_BLOCKS = YES;
				GCC_WARN_64_TO_32_BIT_CONVERSION = YES;
				GCC_WARN_ABOUT_RETURN_TYPE = YES_ERROR;
				GCC_WARN_UNDECLARED_SELECTOR = YES;
				GCC_WARN_UNINITIALIZED_AUTOS = YES_AGGRESSIVE;
				GCC_WARN_UNUSED_FUNCTION = YES;
				GCC_WARN_UNUSED_VARIABLE = YES;
				LOCALIZATION_PREFERS_STRING_CATALOGS = YES;
				MACOSX_DEPLOYMENT_TARGET = 15.1;
				MTL_ENABLE_DEBUG_INFO = NO;
				MTL_FAST_MATH = YES;
				SDKROOT = macosx;
				SWIFT_COMPILATION_MODE = wholemodule;
			};
			name = Release;
		};
		DC9195352CDA9D49001BD4BB /* Debug */ = {
			isa = XCBuildConfiguration;
			buildSettings = {
				ASSETCATALOG_COMPILER_APPICON_NAME = AppIcon;
				ASSETCATALOG_COMPILER_GLOBAL_ACCENT_COLOR_NAME = AccentColor;
				CODE_SIGN_IDENTITY = "-";
				"CODE_SIGN_IDENTITY[sdk=*]" = "-";
				CODE_SIGN_STYLE = Automatic;
				COMBINE_HIDPI_IMAGES = YES;
				CURRENT_PROJECT_VERSION = 18;
				DEVELOPMENT_ASSET_PATHS = "\"Easy Ethernet Icon/Preview Content\"";
				DEVELOPMENT_TEAM = ER43ZD2S4U;
				ENABLE_HARDENED_RUNTIME = YES;
				ENABLE_PREVIEWS = YES;
				GENERATE_INFOPLIST_FILE = YES;
				INFOPLIST_KEY_LSApplicationCategoryType = "public.app-category.utilities";
				INFOPLIST_KEY_LSUIElement = YES;
				INFOPLIST_KEY_NSHumanReadableCopyright = "";
				LD_RUNPATH_SEARCH_PATHS = (
					"$(inherited)",
					"@executable_path/../Frameworks",
				);
				MACOSX_DEPLOYMENT_TARGET = 13.5;
				MARKETING_VERSION = 1.4.2;
				PRODUCT_BUNDLE_IDENTIFIER = "com.felixblome.easy-ethernet-icon";
				PRODUCT_NAME = "$(TARGET_NAME)";
				SWIFT_EMIT_LOC_STRINGS = YES;
				SWIFT_VERSION = 5.0;
			};
			name = Debug;
		};
		DC9195362CDA9D49001BD4BB /* Release */ = {
			isa = XCBuildConfiguration;
			buildSettings = {
				ASSETCATALOG_COMPILER_APPICON_NAME = AppIcon;
				ASSETCATALOG_COMPILER_GLOBAL_ACCENT_COLOR_NAME = AccentColor;
				CODE_SIGN_IDENTITY = "-";
				"CODE_SIGN_IDENTITY[sdk=macosx*]" = "-";
				CODE_SIGN_STYLE = Automatic;
				COMBINE_HIDPI_IMAGES = YES;
				CURRENT_PROJECT_VERSION = 18;
				DEVELOPMENT_ASSET_PATHS = "\"Easy Ethernet Icon/Preview Content\"";
				DEVELOPMENT_TEAM = ER43ZD2S4U;
				ENABLE_HARDENED_RUNTIME = YES;
				ENABLE_PREVIEWS = YES;
				GENERATE_INFOPLIST_FILE = YES;
				INFOPLIST_KEY_LSApplicationCategoryType = "public.app-category.utilities";
				INFOPLIST_KEY_LSUIElement = YES;
				INFOPLIST_KEY_NSHumanReadableCopyright = "";
				LD_RUNPATH_SEARCH_PATHS = (
					"$(inherited)",
					"@executable_path/../Frameworks",
				);
				MACOSX_DEPLOYMENT_TARGET = 13.5;
				MARKETING_VERSION = 1.4.2;
				PRODUCT_BUNDLE_IDENTIFIER = "com.felixblome.easy-ethernet-icon";
				PRODUCT_NAME = "$(TARGET_NAME)";
				SWIFT_EMIT_LOC_STRINGS = YES;
				SWIFT_VERSION = 5.0;
			};
			name = Release;
		};
		DC9195382CDA9D49001BD4BB /* Debug */ = {
			isa = XCBuildConfiguration;
			buildSettings = {
				BUNDLE_LOADER = "$(TEST_HOST)";
				"CODE_SIGN_IDENTITY[sdk=macosx*]" = "-";
				CODE_SIGN_STYLE = Automatic;
				CURRENT_PROJECT_VERSION = 1;
				DEVELOPMENT_TEAM = ER43ZD2S4U;
				GENERATE_INFOPLIST_FILE = YES;
				MACOSX_DEPLOYMENT_TARGET = 15.1;
				MARKETING_VERSION = 1.0;
				PRODUCT_BUNDLE_IDENTIFIER = "felixblome.Ethernet-Menu-IconTests";
				PRODUCT_NAME = "$(TARGET_NAME)";
				SWIFT_EMIT_LOC_STRINGS = NO;
				SWIFT_VERSION = 5.0;
				TEST_HOST = "$(BUILT_PRODUCTS_DIR)/Ethernet Menu Icon.app/$(BUNDLE_EXECUTABLE_FOLDER_PATH)/Ethernet Menu Icon";
			};
			name = Debug;
		};
		DC9195392CDA9D49001BD4BB /* Release */ = {
			isa = XCBuildConfiguration;
			buildSettings = {
				BUNDLE_LOADER = "$(TEST_HOST)";
				"CODE_SIGN_IDENTITY[sdk=macosx*]" = "-";
				CODE_SIGN_STYLE = Automatic;
				CURRENT_PROJECT_VERSION = 1;
				DEVELOPMENT_TEAM = ER43ZD2S4U;
				GENERATE_INFOPLIST_FILE = YES;
				MACOSX_DEPLOYMENT_TARGET = 15.1;
				MARKETING_VERSION = 1.0;
				PRODUCT_BUNDLE_IDENTIFIER = "felixblome.Ethernet-Menu-IconTests";
				PRODUCT_NAME = "$(TARGET_NAME)";
				SWIFT_EMIT_LOC_STRINGS = NO;
				SWIFT_VERSION = 5.0;
				TEST_HOST = "$(BUILT_PRODUCTS_DIR)/Ethernet Menu Icon.app/$(BUNDLE_EXECUTABLE_FOLDER_PATH)/Ethernet Menu Icon";
			};
			name = Release;
		};
		DC91953B2CDA9D49001BD4BB /* Debug */ = {
			isa = XCBuildConfiguration;
			buildSettings = {
				"CODE_SIGN_IDENTITY[sdk=macosx*]" = "-";
				CODE_SIGN_STYLE = Automatic;
				CURRENT_PROJECT_VERSION = 1;
				DEVELOPMENT_TEAM = ER43ZD2S4U;
				GENERATE_INFOPLIST_FILE = YES;
				MARKETING_VERSION = 1.0;
				PRODUCT_BUNDLE_IDENTIFIER = "felixblome.Ethernet-Menu-IconUITests";
				PRODUCT_NAME = "$(TARGET_NAME)";
				SWIFT_EMIT_LOC_STRINGS = NO;
				SWIFT_VERSION = 5.0;
				TEST_TARGET_NAME = "Ethernet Menu Icon";
			};
			name = Debug;
		};
		DC91953C2CDA9D49001BD4BB /* Release */ = {
			isa = XCBuildConfiguration;
			buildSettings = {
				"CODE_SIGN_IDENTITY[sdk=macosx*]" = "-";
				CODE_SIGN_STYLE = Automatic;
				CURRENT_PROJECT_VERSION = 1;
				DEVELOPMENT_TEAM = ER43ZD2S4U;
				GENERATE_INFOPLIST_FILE = YES;
				MARKETING_VERSION = 1.0;
				PRODUCT_BUNDLE_IDENTIFIER = "felixblome.Ethernet-Menu-IconUITests";
				PRODUCT_NAME = "$(TARGET_NAME)";
				SWIFT_EMIT_LOC_STRINGS = NO;
				SWIFT_VERSION = 5.0;
				TEST_TARGET_NAME = "Ethernet Menu Icon";
			};
			name = Release;
		};
/* End XCBuildConfiguration section */

/* Begin XCConfigurationList section */
		DC91950A2CDA9D48001BD4BB /* Build configuration list for PBXProject "Easy Ethernet Icon" */ = {
			isa = XCConfigurationList;
			buildConfigurations = (
				DC9195322CDA9D49001BD4BB /* Debug */,
				DC9195332CDA9D49001BD4BB /* Release */,
			);
			defaultConfigurationIsVisible = 0;
			defaultConfigurationName = Release;
		};
		DC9195342CDA9D49001BD4BB /* Build configuration list for PBXNativeTarget "Easy Ethernet Icon" */ = {
			isa = XCConfigurationList;
			buildConfigurations = (
				DC9195352CDA9D49001BD4BB /* Debug */,
				DC9195362CDA9D49001BD4BB /* Release */,
			);
			defaultConfigurationIsVisible = 0;
			defaultConfigurationName = Release;
		};
		DC9195372CDA9D49001BD4BB /* Build configuration list for PBXNativeTarget "Ethernet Menu IconTests" */ = {
			isa = XCConfigurationList;
			buildConfigurations = (
				DC9195382CDA9D49001BD4BB /* Debug */,
				DC9195392CDA9D49001BD4BB /* Release */,
			);
			defaultConfigurationIsVisible = 0;
			defaultConfigurationName = Release;
		};
		DC91953A2CDA9D49001BD4BB /* Build configuration list for PBXNativeTarget "Ethernet Menu IconUITests" */ = {
			isa = XCConfigurationList;
			buildConfigurations = (
				DC91953B2CDA9D49001BD4BB /* Debug */,
				DC91953C2CDA9D49001BD4BB /* Release */,
			);
			defaultConfigurationIsVisible = 0;
			defaultConfigurationName = Release;
		};
/* End XCConfigurationList section */

/* Begin XCRemoteSwiftPackageReference section */
		DC50737A2CDB681D00B012ED /* XCRemoteSwiftPackageReference "LaunchAtLogin-Modern" */ = {
			isa = XCRemoteSwiftPackageReference;
			repositoryURL = "https://github.com/sindresorhus/LaunchAtLogin-Modern";
			requirement = {
				branch = main;
				kind = branch;
			};
		};
/* End XCRemoteSwiftPackageReference section */

/* Begin XCSwiftPackageProductDependency section */
		DC50737C2CDB697A00B012ED /* LaunchAtLogin */ = {
			isa = XCSwiftPackageProductDependency;
			package = DC50737A2CDB681D00B012ED /* XCRemoteSwiftPackageReference "LaunchAtLogin-Modern" */;
			productName = LaunchAtLogin;
		};
/* End XCSwiftPackageProductDependency section */
	};
	rootObject = DC9195072CDA9D48001BD4BB /* Project object */;
}
